{
  "version": "4",
  "specifiers": {
    "jsr:@std/dotenv@*": "0.225.2",
    "jsr:@std/ulid@1": "1.0.0"
  },
  "jsr": {
    "@std/dotenv@0.225.2": {
      "integrity": "e2025dce4de6c7bca21dece8baddd4262b09d5187217e231b033e088e0c4dd23"
    },
    "@std/ulid@1.0.0": {
      "integrity": "d41c3d27a907714413649fee864b7cde8d42ee68437d22b79d5de4f81d808780"
    }
  },
  "remote": {
    "https://cdn.skypack.dev/-/debug@v4.3.4-o4liVvMlOnQWbLSYZMXw/dist=es2019,mode=imports/optimized/debug.js": "671100993996e39b501301a87000607916d4d2d9f8fc8e9c5200ae5ba64a1389",
    "https://cdn.skypack.dev/-/ms@v2.1.2-giBDZ1IA5lmQ3ZXaa87V/dist=es2019,mode=imports/optimized/ms.js": "fd88e2d51900437011f1ad232f3393ce97db1b87a7844b3c58dd6d65562c1276",
    "https://cdn.skypack.dev/debug@4.3.4": "7b1d010cc930f71b940ba5941da055bc181115229e29de7214bdb4425c68ea76",
    "https://deno.land/std@0.211.0/path/_common/assert_path.ts": "2ca275f36ac1788b2acb60fb2b79cb06027198bc2ba6fb7e163efaedde98c297",
    "https://deno.land/std@0.211.0/path/_common/basename.ts": "569744855bc8445f3a56087fd2aed56bdad39da971a8d92b138c9913aecc5fa2",
    "https://deno.land/std@0.211.0/path/_common/constants.ts": "dc5f8057159f4b48cd304eb3027e42f1148cf4df1fb4240774d3492b5d12ac0c",
    "https://deno.land/std@0.211.0/path/_common/strip_trailing_separators.ts": "7024a93447efcdcfeaa9339a98fa63ef9d53de363f1fbe9858970f1bba02655a",
    "https://deno.land/std@0.211.0/path/_os.ts": "8fb9b90fb6b753bd8c77cfd8a33c2ff6c5f5bc185f50de8ca4ac6a05710b2c15",
    "https://deno.land/std@0.211.0/path/basename.ts": "5d341aadb7ada266e2280561692c165771d071c98746fcb66da928870cd47668",
    "https://deno.land/std@0.211.0/path/posix/_util.ts": "1e3937da30f080bfc99fe45d7ed23c47dd8585c5e473b2d771380d3a6937cf9d",
    "https://deno.land/std@0.211.0/path/posix/basename.ts": "39ee27a29f1f35935d3603ccf01d53f3d6e0c5d4d0f84421e65bd1afeff42843",
    "https://deno.land/std@0.211.0/path/windows/_util.ts": "d5f47363e5293fced22c984550d5e70e98e266cc3f31769e1710511803d04808",
    "https://deno.land/std@0.211.0/path/windows/basename.ts": "e2dbf31d1d6385bfab1ce38c333aa290b6d7ae9e0ecb8234a654e583cf22f8fe",
    "https://deno.land/x/grammy@v1.30.0/bot.ts": "9576361190e2dfcf7d2a665e6e20b66c15ae7a7cf81c25baea50b6c682b7a439",
    "https://deno.land/x/grammy@v1.30.0/composer.ts": "dab5a40d8a6fdc734bfb218f8b2e4ef846c05b833219ddd3fdee3f145bb2660b",
    "https://deno.land/x/grammy@v1.30.0/context.ts": "9ace341055f75fa9035941aed82617381ef608c6bd4b269c59428bc5b577cddd",
    "https://deno.land/x/grammy@v1.30.0/convenience/constants.ts": "1560129784be52f49aa0bea8716f09ed00dac367fef195be6a2c09bdfc43fb99",
    "https://deno.land/x/grammy@v1.30.0/convenience/frameworks.ts": "d5fce7be2c3d5f21db752b5b98d6eba97c7a2b18e5d41f4fc4654d387174b861",
    "https://deno.land/x/grammy@v1.30.0/convenience/inline_query.ts": "409d1940c7670708064efa495003bcbfdf6763a756b2e6303c464489fd3394ff",
    "https://deno.land/x/grammy@v1.30.0/convenience/input_media.ts": "7af72a5fdb1af0417e31b1327003f536ddfdf64e06ab8bc7f5da6b574de38658",
    "https://deno.land/x/grammy@v1.30.0/convenience/keyboard.ts": "de39a47199a9dde779c396c951a0452080df0e964e9ea366ae4237acdc3302f7",
    "https://deno.land/x/grammy@v1.30.0/convenience/session.ts": "f0ce5742f7938aae146946c8b84d29540d20f592193ebfc217cb79e6e1af33fe",
    "https://deno.land/x/grammy@v1.30.0/convenience/webhook.ts": "53937566edaa258401a44594a8f750a15983952bd99aa4d21c6722a7aa1d77a9",
    "https://deno.land/x/grammy@v1.30.0/core/api.ts": "9671698e5f7aa68a603d34d221be408b3bcb729a3a8c5364254a9a6b68553b46",
    "https://deno.land/x/grammy@v1.30.0/core/client.ts": "0830ccfa575f926092431896071e1999de8a5bd829ffa6c21c1315d58227b51f",
    "https://deno.land/x/grammy@v1.30.0/core/error.ts": "5245f18f273da6be364f525090c24d2e9a282c180904f674f66946f2b2556247",
    "https://deno.land/x/grammy@v1.30.0/core/payload.ts": "420e17c3c2830b5576ea187cfce77578fe09f1204b25c25ea2f220ca7c86e73b",
    "https://deno.land/x/grammy@v1.30.0/filter.ts": "dd30fa957e37a0857e471157bc5a21a13b8f5c3d145b512679aefb3ff5174670",
    "https://deno.land/x/grammy@v1.30.0/mod.ts": "7723e08709ff7fd01df3e463503e14e4fd1a581669380eed70351e1121e8a833",
    "https://deno.land/x/grammy@v1.30.0/platform.deno.ts": "68272a7e1d9a2d74d8a45342526485dbc0531dee812f675d7f8a4e7fc8393028",
    "https://deno.land/x/grammy@v1.30.0/types.deno.ts": "e2b54fac56d6be3aab3fd240cdb4c8b9a72e226317a5dc073d07761d792159a8",
    "https://deno.land/x/grammy@v1.30.0/types.ts": "729415590dfa188dbe924dea614dff4e976babdbabb28a307b869fc25777cdf0",
    "https://deno.land/x/grammy_types@v3.14.0/api.ts": "ae04d6628e3d25ae805bc07a19475065044fc44cde0a40877405bc3544d03a5f",
    "https://deno.land/x/grammy_types@v3.14.0/inline.ts": "ef999d5131968bdc49c0b74d2b0ff94fca310edfa06b02fe1ae1ac2949156934",
    "https://deno.land/x/grammy_types@v3.14.0/langs.ts": "5f5fd09c58ba3ae942dd7cea2696f95587d2032c1829bba4bca81762b7ef73b6",
    "https://deno.land/x/grammy_types@v3.14.0/manage.ts": "2bf2395311dcfdbb97d3227048eb877cac92d2a247563bb0e4f2e45acd4f99b1",
    "https://deno.land/x/grammy_types@v3.14.0/markup.ts": "7430abcea68d294df73a433f621a37cf1281718d3e29e903ed1e474038c7489d",
    "https://deno.land/x/grammy_types@v3.14.0/message.ts": "4054128d05fd2b7ea77fea47f995e5c4d268b7150bc7316f3f03fc203e6567ae",
    "https://deno.land/x/grammy_types@v3.14.0/methods.ts": "8b6f31f5dd827586d0947f9e5e85db919138e55b383159126b29256c5f6d3519",
    "https://deno.land/x/grammy_types@v3.14.0/mod.ts": "7ecea1d3f7085d64419b78183039c78d70d655aeaa8b07f118ffbfb823f5b0b7",
    "https://deno.land/x/grammy_types@v3.14.0/passport.ts": "19820e7d6c279521f8bc8912d6a378239f73d4ab525453808994b5f44ef95215",
    "https://deno.land/x/grammy_types@v3.14.0/payment.ts": "13a80dd951efee47caad8d71dc8efd293247a42ef4bfff587ca64316ff0d638e",
    "https://deno.land/x/grammy_types@v3.14.0/settings.ts": "f8ff810da6f1007ed24cd504809bf46820229c395ff9bfc3e5c8ceaef5b2aae1",
    "https://deno.land/x/grammy_types@v3.14.0/update.ts": "71cc0d5ec860149b71415ba03282b1d7edd0466b36e2789521a3b3a3d7796493",
    "https://esm.sh/@libsql/client@0.6.0/web": "198903e59f4e0ec625c14a893d7c812785642fadf5064e737fa8347d1aab9c05",
    "https://esm.sh/telegramify-markdown@1.2.2": "69fddeacc19622548910ecd5356da3e9902d9056aef36da1e6d93e505234573a",
    "https://esm.sh/v135/@libsql/client@0.6.0/denonext/http.js": "9c6bf3c4980d1f565f3ad55ab9e85051e5ec76ea6f67c4c124969cc0f3d80c13",
    "https://esm.sh/v135/@libsql/client@0.6.0/denonext/web.js": "99e33e66afd38e9d47fbaab8500d1d7735631c5cca810a043963cc8701d1607e",
    "https://esm.sh/v135/@libsql/client@0.6.0/denonext/ws.js": "3032bb9f5c95f77af9f9211fb6a27090f926c1c3e436258ce6496894b7b768ea",
    "https://esm.sh/v135/@libsql/core@0.6.0/denonext/api.js": "0e71f233dc34791cca0dd45886c22d82635ab1446bac309b6ff9d10528e9338c",
    "https://esm.sh/v135/@libsql/core@0.6.0/denonext/config.js": "8ace1893723b3ea4575534e66ec555e97674a6bba7f825c51f1df2658c475021",
    "https://esm.sh/v135/@libsql/core@0.6.0/denonext/uri.js": "a96d9438c52762520454781575e895ee9244e00a69f38b26bfe3f1942a9fc09a",
    "https://esm.sh/v135/@libsql/core@0.6.0/denonext/util.js": "1b58b1829869a3f0c291d6825dfa8e50055490e26fdee20417123a28c240fc22",
    "https://esm.sh/v135/@libsql/hrana-client@0.6.0/denonext/hrana-client.mjs": "77dccb477aee19bbeb4d03337331d12ee1690ee4928a0bb15105caa887ee8491",
    "https://esm.sh/v135/@libsql/isomorphic-fetch@0.2.1/denonext/isomorphic-fetch.mjs": "24cee0c53649a1eb06e0fe31af260a9f7c49b8e55600b90fa6d838c9eecb14f4",
    "https://esm.sh/v135/@libsql/isomorphic-ws@0.1.5/denonext/isomorphic-ws.mjs": "4b5e1cd9247271ed5424dfc0b715f791a57c28a2b0570cadf48e17791404f056",
    "https://esm.sh/v135/bail@1.0.5/denonext/bail.mjs": "a0d58601cb1373781a45ba81830c2a2647a27cea0de66786500a05299d88d1e1",
    "https://esm.sh/v135/ccount@1.1.0/denonext/ccount.mjs": "e7e754f5d961cfa4b849b78a23db59c6cfa97c079effcff935a5676f535f4e08",
    "https://esm.sh/v135/escape-string-regexp@4.0.0/denonext/escape-string-regexp.mjs": "4bebd5b21a97ea88f1b93f2851c077053d3cc323ac2b2eefc835ff3d7dab8ae9",
    "https://esm.sh/v135/extend@3.0.2/denonext/extend.mjs": "6ab9e4890dfa54ec88fa326fca525c211141d6da72188f54e9610d1281219c9e",
    "https://esm.sh/v135/html-comment-regex@1.1.2/denonext/html-comment-regex.mjs": "e082eb9efb0483b7c9b029b4b554bf038d95a1879e4a05eef0e9ce3f3e06bd22",
    "https://esm.sh/v135/is-buffer@2.0.5/denonext/is-buffer.mjs": "87d027d2c668d773b7037bd49fc1c12ed6af26b9f176aacf338c7901237b8867",
    "https://esm.sh/v135/is-plain-obj@2.1.0/denonext/is-plain-obj.mjs": "2128cab853de801cfcc3866c39bac812f247b23850f98e58737a932f2db79ac1",
    "https://esm.sh/v135/js-base64@3.7.7/denonext/js-base64.mjs": "dd9df6c872f92919ced96308c346507cd05799eb9e89987bb414fa2b834d7d63",
    "https://esm.sh/v135/longest-streak@2.0.4/denonext/longest-streak.mjs": "f6ac660e77d7cee5671abbf4f0188172afec83cd26b798a6fd15241acacef795",
    "https://esm.sh/v135/markdown-table@2.0.0/denonext/markdown-table.mjs": "8e98c4c23af45497f12256f9818900a3332c95c3c4f39e14a7e6f8b909fcbda2",
    "https://esm.sh/v135/mdast-util-find-and-replace@1.1.1/denonext/mdast-util-find-and-replace.mjs": "659a330632019e1045fa0d49cc9a38576ebc30df9c0e5bcd360cc4ddda1b5e72",
    "https://esm.sh/v135/mdast-util-from-markdown@0.8.5/denonext/mdast-util-from-markdown.mjs": "088b84b5069f0fafce150855c497ad01b838ec997762658648245a14194fba4e",
    "https://esm.sh/v135/mdast-util-gfm-autolink-literal@0.1.3/denonext/from-markdown.js": "58e5bc0a7f69bbc8e728cc4ad719ec2fe2cc0b744bac74b0476c8c3787e7a8bf",
    "https://esm.sh/v135/mdast-util-gfm-autolink-literal@0.1.3/denonext/to-markdown.js": "5d26a7cb24a023c2a9d836832893ff6d5fa8dd11584575ec92f69cdaaf487882",
    "https://esm.sh/v135/mdast-util-gfm-strikethrough@0.2.3/denonext/from-markdown.js": "93ee59d052ce48019446d15ace7e3e1d1781cc522bfc1d668915acd9cc22cc2e",
    "https://esm.sh/v135/mdast-util-gfm-strikethrough@0.2.3/denonext/to-markdown.js": "906fc72526576b983604db2debf9a2cd3bf2ad2678f48c85d42893d75a43b4a4",
    "https://esm.sh/v135/mdast-util-gfm-table@0.1.6/denonext/from-markdown.js": "42a9adac1830a942236baf6ebf15026ee592b611c75d20b8f8aaef2686c7f271",
    "https://esm.sh/v135/mdast-util-gfm-table@0.1.6/denonext/to-markdown.js": "dffa64c52717b4638d034d2c6a4de5412cbe02af024ade9094e0df25b7745c9a",
    "https://esm.sh/v135/mdast-util-gfm-task-list-item@0.1.6/denonext/from-markdown.js": "2b8a76dcf048a2b190036e174cc04c50b17c7136f5b6a8f6ca52fed57a346b07",
    "https://esm.sh/v135/mdast-util-gfm-task-list-item@0.1.6/denonext/to-markdown.js": "1c3603ffdeed52c7a25b1f1a64b4acf9829e31c4c29ff2c92f6bfa404d550190",
    "https://esm.sh/v135/mdast-util-gfm@0.1.2/denonext/from-markdown.js": "3af8c39f39e498dacf393eed8d2c03c91f2d70224eb4b6c3b0a1afdd56263d42",
    "https://esm.sh/v135/mdast-util-gfm@0.1.2/denonext/to-markdown.js": "6274e3f06477c33d56a6f72f606569089a6a10b6324ea8f5a5f27e2fb1128ba6",
    "https://esm.sh/v135/mdast-util-to-markdown@0.6.5/denonext/lib/configure.js": "b34bab07b5ce1c9fee6f688683489cdf8fb4a9d2197b31c5a9c49688b8204d39",
    "https://esm.sh/v135/mdast-util-to-markdown@0.6.5/denonext/lib/handle.js": "aa21d819b75fdb4f771d5e200d4a546022bda2a76717223c1490031ce891a297",
    "https://esm.sh/v135/mdast-util-to-markdown@0.6.5/denonext/lib/handle/inline-code.js": "6f31a373987062eb2da59981b1179bfe675797a6047a08604ab39416498eee4f",
    "https://esm.sh/v135/mdast-util-to-markdown@0.6.5/denonext/lib/handle/list-item.js": "f030b15c4e8afd2f940b06c98eb7b5a1b5dcd876bc47474a7ca628226c1082e7",
    "https://esm.sh/v135/mdast-util-to-markdown@0.6.5/denonext/lib/util/container-phrasing.js": "c579ab0bc048cecc26f3c42a9a5853e44572e1ea4a63727f59f6a40a7066a612",
    "https://esm.sh/v135/mdast-util-to-markdown@0.6.5/denonext/mdast-util-to-markdown.mjs": "66e391d5eed463a1d466dcc187f73b7332562e38d24a845bd3318a8484cfa33f",
    "https://esm.sh/v135/mdast-util-to-string@2.0.0/denonext/mdast-util-to-string.mjs": "0c166ea637f19d215e6f3eca2c73e75a2df0ebaa645d70b8a0ff8aa5b5fcb494",
    "https://esm.sh/v135/micromark-extension-gfm-autolink-literal@0.5.7/denonext/micromark-extension-gfm-autolink-literal.mjs": "81b44badb8cd83305107ccf970d6a62336178bad8e262185a42696b0d24e2e63",
    "https://esm.sh/v135/micromark-extension-gfm-strikethrough@0.6.5/denonext/micromark-extension-gfm-strikethrough.mjs": "23dfe49b00d6c1d35176be7e8f587fe3efcbdfd098c2eda3f8d66d995a82e4d3",
    "https://esm.sh/v135/micromark-extension-gfm-table@0.4.3/denonext/micromark-extension-gfm-table.mjs": "427554fdd74ddc88a7fd90e40b01250fb57dbfdff55f4469a9434b6bf0ad8e67",
    "https://esm.sh/v135/micromark-extension-gfm-task-list-item@0.3.3/denonext/micromark-extension-gfm-task-list-item.mjs": "8ef8073e0bea817222bcb1f98965bec3dbc7379b608dd987c317edb8de4f1e52",
    "https://esm.sh/v135/micromark-extension-gfm@0.3.3/denonext/micromark-extension-gfm.mjs": "a3255a13a88382349b2984f4e032fcdfda070a06705c4261b32cdea7e5a25cd7",
    "https://esm.sh/v135/micromark@2.11.4/denonext/dist/character/ascii-alpha.js": "ab4878c4dc7fb7277bf39ad6edd89f5adbf4911804d3122b3aa15913755e0641",
    "https://esm.sh/v135/micromark@2.11.4/denonext/dist/character/ascii-alphanumeric.js": "5696bb6f5ae455349443d02a55d4331d89c35efbe557ed56da529e2af0c070ec",
    "https://esm.sh/v135/micromark@2.11.4/denonext/dist/character/ascii-control.js": "5a6ac8b80884af25e386cf654fad1b3e53870ce03ee3a69b6e85932eb9c67bbc",
    "https://esm.sh/v135/micromark@2.11.4/denonext/dist/character/markdown-line-ending-or-space.js": "e8324a2f66935ec18a2fd0a2251e44dd75270f46e320fc64d55d0892040e5441",
    "https://esm.sh/v135/micromark@2.11.4/denonext/dist/character/markdown-line-ending.js": "68201c5e4d5d07ef83d93b7b089cbf53b8b4d6c003db976fd684503f5ef806a0",
    "https://esm.sh/v135/micromark@2.11.4/denonext/dist/character/unicode-punctuation.js": "8b1932e3b15dd7f9ec5aa0dbce4abd678ccfea5bd7323755ea0abae4d952716d",
    "https://esm.sh/v135/micromark@2.11.4/denonext/dist/character/unicode-whitespace.js": "c6ed7b561baee8ed591e2aa8b4f84f28fdee05bea75e9abb15229f2e9b007cf9",
    "https://esm.sh/v135/micromark@2.11.4/denonext/dist/constant/assign.js": "bce746a04823121cece99c2f4e7e0f90ad00924b8a33f6dd5542342d1458dc88",
    "https://esm.sh/v135/micromark@2.11.4/denonext/dist/constant/has-own-property.js": "fa57cee4fb664fa1dc309e6dca0a46bc46ec859be7abd2ead33c99bb2bae9729",
    "https://esm.sh/v135/micromark@2.11.4/denonext/dist/parse.js": "cbb1c984fbbd2ff54c764a8de589f18955ee4095dd0adc8150a0aa3feeea9c13",
    "https://esm.sh/v135/micromark@2.11.4/denonext/dist/postprocess.js": "4bf0bfd48f4b8612216b89766dfe742b0938fccfad2f5cba76c95eb58b1a40ea",
    "https://esm.sh/v135/micromark@2.11.4/denonext/dist/preprocess.js": "9eaba67d7fbe357716f78a86c62a2ca2d5867dbf19f21797ccc15d101b8e480d",
    "https://esm.sh/v135/micromark@2.11.4/denonext/dist/tokenize/factory-space.js": "24f67266930cbd15df1c0940f9e51ebb3784785bbe642c4b30d48e451e76019c",
    "https://esm.sh/v135/micromark@2.11.4/denonext/dist/util/chunked-splice.js": "4d7e5eb66358078e262fe59a2c9bd0d214cc20b75f97cdb8fac611588098485f",
    "https://esm.sh/v135/micromark@2.11.4/denonext/dist/util/classify-character.js": "1bf87d96e09fecc9e1872d3ddec1f3f2ccff150e260fee1ad9e9c5910cfa3011",
    "https://esm.sh/v135/micromark@2.11.4/denonext/dist/util/combine-extensions.js": "bc9ed8b4f039e9fb28d871daa2d3a379c207c83e1e6905a30a2891fc6ee41b6e",
    "https://esm.sh/v135/micromark@2.11.4/denonext/dist/util/normalize-identifier.js": "f6bb91d7c3a2639802b9d2aadef6b619ad8c8dda52cf0a6cc014a3b8357a8f49",
    "https://esm.sh/v135/micromark@2.11.4/denonext/dist/util/prefix-size.js": "119c2f43dcbc9ec1bb8344a2f69554948c4715c737f5b3d3a347c34c6c67b106",
    "https://esm.sh/v135/micromark@2.11.4/denonext/dist/util/resolve-all.js": "2da41ea1c0b66f279cf9d382f57a929be8e5cc67fd38568b4eb314feb9ce4344",
    "https://esm.sh/v135/micromark@2.11.4/denonext/dist/util/safe-from-int.js": "7e1a1096e5e29931205a9f617ee36d448dfb5a35dfadbd9c59ef0f72e56ba6fe",
    "https://esm.sh/v135/micromark@2.11.4/denonext/dist/util/shallow.js": "036dabe652982147c1e6908459e2743cc6f823312e5c45c9ea2a323e9e147e0f",
    "https://esm.sh/v135/parse-entities@2.0.0/denonext/decode-entity.js": "193300a4461d08de50cc96c04f487472c9489932d3f751ab8c6d141b5b05ab45",
    "https://esm.sh/v135/remark-gfm@1.0.0/denonext/remark-gfm.mjs": "1eaae73a3dc6a3a348980d526b5e0678bf6402395dda2969163cb840276dc352",
    "https://esm.sh/v135/remark-parse@9.0.0/denonext/remark-parse.mjs": "d8a5eb21c639c3d6c3059483fdc05804eef289197086eef8847380e528b1e855",
    "https://esm.sh/v135/remark-remove-comments@0.2.0/denonext/remark-remove-comments.mjs": "af5f9dd57f8a21e9af45dcf50f997d124b29f3f8bad890298d61c59766d24252",
    "https://esm.sh/v135/remark-stringify@9.0.1/denonext/remark-stringify.mjs": "2b8224d957563604899566100190a5b04f1485ea977b1b6121aae592d800ef74",
    "https://esm.sh/v135/repeat-string@1.6.1/denonext/repeat-string.mjs": "83a384d161673c31005ee4bcfc1851dd8da66a8be0a4d19113a7951862293da1",
    "https://esm.sh/v135/telegramify-markdown@1.2.2/denonext/telegramify-markdown.mjs": "175250656a9405fd722e3df0cd7f2ed58db3af9c29a388dac31efcd3306998e6",
    "https://esm.sh/v135/trough@1.0.5/denonext/trough.mjs": "e80560939ab4cc8aaf50f16688939cc3fe2ceac5f5426ebf0085fc73b79e0e91",
    "https://esm.sh/v135/unified@9.2.2/denonext/unified.mjs": "b34186f4edd17f44ba2453e49bfd977d935846994c6eedb5ed05d28352185f15",
    "https://esm.sh/v135/unist-util-is@4.1.0/denonext/convert.js": "64f12ffacc09615b63385a0430408149a0673cb64b0a159aa0090e6f45facfbe",
    "https://esm.sh/v135/unist-util-remove@2.1.0/denonext/unist-util-remove.mjs": "702c129de8f0967087319dec15382ae37ecd4b7b13664edb0115c74ee7127a17",
    "https://esm.sh/v135/unist-util-stringify-position@2.0.3/denonext/unist-util-stringify-position.mjs": "0741f3c0b7efac8232138e7f4c133755552cba4cd61dd01ee4dc8af3d759dd95",
    "https://esm.sh/v135/unist-util-visit-parents@3.1.1/denonext/unist-util-visit-parents.mjs": "82e336eacfe83e3019a3c6fa26ba8806571b6b48440a6895465d7a80c701e721",
    "https://esm.sh/v135/unist-util-visit@2.0.3/denonext/unist-util-visit.mjs": "1daeb8fa58f31b01bf72c2f94b272c053147980a2d66bd462de8193c7042244b",
    "https://esm.sh/v135/vfile-message@2.0.4/denonext/vfile-message.mjs": "bb59f8aa5d35a2d262cb14758a92a04dbfec63767a9ea8a9d7643f81351fa82e",
    "https://esm.sh/v135/vfile@4.2.1/denonext/vfile.mjs": "6e61fa8178fbcfff9f7ed485dd64c6ccbd2d4bdf0876368c1e2bccfb90d88f9a",
    "https://esm.sh/v135/zwitch@1.0.5/denonext/zwitch.mjs": "8d3b7211f19102c7ab10947e45f10ac2f1c76177fe1bbf5eafaacdb72a15b94c"
  },
  "workspace": {
    "dependencies": [
      "jsr:@std/ulid@1"
    ]
  }
}
